
Microsoft Visual Studio Solution File, Format Version 12.00
# Visual Studio Version 17
VisualStudioVersion = 17.5.002.0
MinimumVisualStudioVersion = 10.0.40219.1
Project("{9A19103F-16F7-4668-BE54-9A1E7A4F7556}") = "LinkShortener-Backend", "LinkShortener-Backend.csproj", "{603E805C-E63E-4511-8B39-58527FFE543C}"
EndProject
Global
	GlobalSection(SolutionConfigurationPlatforms) = preSolution
		Debug|Any CPU = Debug|Any CPU
		Release|Any CPU = Release|Any CPU
	EndGlobalSection
	GlobalSection(ProjectConfigurationPlatforms) = postSolution
		{603E805C-E63E-4511-8B39-58527FFE543C}.Debug|Any CPU.ActiveCfg = Debug|Any CPU
		{603E805C-E63E-4511-8B39-58527FFE543C}.Debug|Any CPU.Build.0 = Debug|Any CPU
		{603E805C-E63E-4511-8B39-58527FFE543C}.Release|Any CPU.ActiveCfg = Release|Any CPU
		{603E805C-E63E-4511-8B39-58527FFE543C}.Release|Any CPU.Build.0 = Release|Any CPU
	EndGlobalSection
	GlobalSection(SolutionProperties) = preSolution
		HideSolutionNode = FALSE
	EndGlobalSection
	GlobalSection(ExtensibilityGlobals) = postSolution
		SolutionGuid = {1A55C19D-7809-4B60-BC0B-9C82EC371042}
	EndGlobalSection
EndGlobal
